
Microsoft Visual Studio Solution File, Format Version 12.00
# Visual Studio Version 17
VisualStudioVersion = 17.1.32319.34
MinimumVisualStudioVersion = 10.0.40219.1
Project("{FAE04EC0-301F-11D3-BF4B-00C04F79EFBC}") = "InterfaceIcomparable", "InterfaceIcomparable\InterfaceIcomparable.csproj", "{8925EE08-A9ED-45EB-BCDC-20443C878895}"
EndProject
Global
	GlobalSection(SolutionConfigurationPlatforms) = preSolution
		Debug|Any CPU = Debug|Any CPU
		Release|Any CPU = Release|Any CPU
	EndGlobalSection
	GlobalSection(ProjectConfigurationPlatforms) = postSolution
		{8925EE08-A9ED-45EB-BCDC-20443C878895}.Debug|Any CPU.ActiveCfg = Debug|Any CPU
		{8925EE08-A9ED-45EB-BCDC-20443C878895}.Debug|Any CPU.Build.0 = Debug|Any CPU
		{8925EE08-A9ED-45EB-BCDC-20443C878895}.Release|Any CPU.ActiveCfg = Release|Any CPU
		{8925EE08-A9ED-45EB-BCDC-20443C878895}.Release|Any CPU.Build.0 = Release|Any CPU
	EndGlobalSection
	GlobalSection(SolutionProperties) = preSolution
		HideSolutionNode = FALSE
	EndGlobalSection
	GlobalSection(ExtensibilityGlobals) = postSolution
		SolutionGuid = {EF012B4F-4CAA-4F30-9BC9-A1F5E057685C}
	EndGlobalSection
EndGlobal
