
Microsoft Visual Studio Solution File, Format Version 12.00
# Visual Studio Version 17
VisualStudioVersion = 17.1.32228.430
MinimumVisualStudioVersion = 10.0.40219.1
Project("{FAE04EC0-301F-11D3-BF4B-00C04F79EFBC}") = "Primeiro", "Primeiro\Primeiro.csproj", "{FDC4EC79-DE37-46F3-B578-93B8BED497F0}"
EndProject
Global
	GlobalSection(SolutionConfigurationPlatforms) = preSolution
		Debug|Any CPU = Debug|Any CPU
		Release|Any CPU = Release|Any CPU
	EndGlobalSection
	GlobalSection(ProjectConfigurationPlatforms) = postSolution
		{FDC4EC79-DE37-46F3-B578-93B8BED497F0}.Debug|Any CPU.ActiveCfg = Debug|Any CPU
		{FDC4EC79-DE37-46F3-B578-93B8BED497F0}.Debug|Any CPU.Build.0 = Debug|Any CPU
		{FDC4EC79-DE37-46F3-B578-93B8BED497F0}.Release|Any CPU.ActiveCfg = Release|Any CPU
		{FDC4EC79-DE37-46F3-B578-93B8BED497F0}.Release|Any CPU.Build.0 = Release|Any CPU
	EndGlobalSection
	GlobalSection(SolutionProperties) = preSolution
		HideSolutionNode = FALSE
	EndGlobalSection
	GlobalSection(ExtensibilityGlobals) = postSolution
		SolutionGuid = {D82C565D-E6D6-4594-972F-3AF9F3DED883}
	EndGlobalSection
EndGlobal
