
Microsoft Visual Studio Solution File, Format Version 12.00
# Visual Studio Version 17
VisualStudioVersion = 17.1.32319.34
MinimumVisualStudioVersion = 10.0.40219.1
Project("{FAE04EC0-301F-11D3-BF4B-00C04F79EFBC}") = "ExercicioFixacao", "ExercicioFixacao\ExercicioFixacao.csproj", "{5C11B4B0-B010-4B15-9341-71D1A9EAA7C9}"
EndProject
Global
	GlobalSection(SolutionConfigurationPlatforms) = preSolution
		Debug|Any CPU = Debug|Any CPU
		Release|Any CPU = Release|Any CPU
	EndGlobalSection
	GlobalSection(ProjectConfigurationPlatforms) = postSolution
		{5C11B4B0-B010-4B15-9341-71D1A9EAA7C9}.Debug|Any CPU.ActiveCfg = Debug|Any CPU
		{5C11B4B0-B010-4B15-9341-71D1A9EAA7C9}.Debug|Any CPU.Build.0 = Debug|Any CPU
		{5C11B4B0-B010-4B15-9341-71D1A9EAA7C9}.Release|Any CPU.ActiveCfg = Release|Any CPU
		{5C11B4B0-B010-4B15-9341-71D1A9EAA7C9}.Release|Any CPU.Build.0 = Release|Any CPU
	EndGlobalSection
	GlobalSection(SolutionProperties) = preSolution
		HideSolutionNode = FALSE
	EndGlobalSection
	GlobalSection(ExtensibilityGlobals) = postSolution
		SolutionGuid = {380B068E-8D15-4826-B8F5-74F0651BF837}
	EndGlobalSection
EndGlobal
