
Microsoft Visual Studio Solution File, Format Version 12.00
# Visual Studio Version 17
VisualStudioVersion = 17.1.32319.34
MinimumVisualStudioVersion = 10.0.40219.1
Project("{FAE04EC0-301F-11D3-BF4B-00C04F79EFBC}") = "HerdarVSCumprirContrato", "HerdarVSCumprirContrato\HerdarVSCumprirContrato.csproj", "{2D99E145-CFCE-4DA0-A5A6-228E07E546AD}"
EndProject
Global
	GlobalSection(SolutionConfigurationPlatforms) = preSolution
		Debug|Any CPU = Debug|Any CPU
		Release|Any CPU = Release|Any CPU
	EndGlobalSection
	GlobalSection(ProjectConfigurationPlatforms) = postSolution
		{2D99E145-CFCE-4DA0-A5A6-228E07E546AD}.Debug|Any CPU.ActiveCfg = Debug|Any CPU
		{2D99E145-CFCE-4DA0-A5A6-228E07E546AD}.Debug|Any CPU.Build.0 = Debug|Any CPU
		{2D99E145-CFCE-4DA0-A5A6-228E07E546AD}.Release|Any CPU.ActiveCfg = Release|Any CPU
		{2D99E145-CFCE-4DA0-A5A6-228E07E546AD}.Release|Any CPU.Build.0 = Release|Any CPU
	EndGlobalSection
	GlobalSection(SolutionProperties) = preSolution
		HideSolutionNode = FALSE
	EndGlobalSection
	GlobalSection(ExtensibilityGlobals) = postSolution
		SolutionGuid = {6BD38E1E-FF30-4A8B-94CA-BE3B20FA7F24}
	EndGlobalSection
EndGlobal
