
Microsoft Visual Studio Solution File, Format Version 12.00
# Visual Studio Version 17
VisualStudioVersion = 17.1.32228.430
MinimumVisualStudioVersion = 10.0.40219.1
Project("{FAE04EC0-301F-11D3-BF4B-00C04F79EFBC}") = "ComposicaoExercicio1", "ComposicaoExercicio1\ComposicaoExercicio1.csproj", "{58D90AF6-B9DF-4572-8F7C-7CB4FCD8F406}"
EndProject
Global
	GlobalSection(SolutionConfigurationPlatforms) = preSolution
		Debug|Any CPU = Debug|Any CPU
		Release|Any CPU = Release|Any CPU
	EndGlobalSection
	GlobalSection(ProjectConfigurationPlatforms) = postSolution
		{58D90AF6-B9DF-4572-8F7C-7CB4FCD8F406}.Debug|Any CPU.ActiveCfg = Debug|Any CPU
		{58D90AF6-B9DF-4572-8F7C-7CB4FCD8F406}.Debug|Any CPU.Build.0 = Debug|Any CPU
		{58D90AF6-B9DF-4572-8F7C-7CB4FCD8F406}.Release|Any CPU.ActiveCfg = Release|Any CPU
		{58D90AF6-B9DF-4572-8F7C-7CB4FCD8F406}.Release|Any CPU.Build.0 = Release|Any CPU
	EndGlobalSection
	GlobalSection(SolutionProperties) = preSolution
		HideSolutionNode = FALSE
	EndGlobalSection
	GlobalSection(ExtensibilityGlobals) = postSolution
		SolutionGuid = {99743BF2-7513-427E-AB05-0F277BE86DB5}
	EndGlobalSection
EndGlobal
