
Microsoft Visual Studio Solution File, Format Version 12.00
# Visual Studio Version 17
VisualStudioVersion = 17.1.32319.34
MinimumVisualStudioVersion = 10.0.40219.1
Project("{FAE04EC0-301F-11D3-BF4B-00C04F79EFBC}") = "ExercicioFixacao", "ExercicioFixacao\ExercicioFixacao.csproj", "{097A05C2-92AB-4628-AE21-ED3595027E79}"
EndProject
Global
	GlobalSection(SolutionConfigurationPlatforms) = preSolution
		Debug|Any CPU = Debug|Any CPU
		Release|Any CPU = Release|Any CPU
	EndGlobalSection
	GlobalSection(ProjectConfigurationPlatforms) = postSolution
		{097A05C2-92AB-4628-AE21-ED3595027E79}.Debug|Any CPU.ActiveCfg = Debug|Any CPU
		{097A05C2-92AB-4628-AE21-ED3595027E79}.Debug|Any CPU.Build.0 = Debug|Any CPU
		{097A05C2-92AB-4628-AE21-ED3595027E79}.Release|Any CPU.ActiveCfg = Release|Any CPU
		{097A05C2-92AB-4628-AE21-ED3595027E79}.Release|Any CPU.Build.0 = Release|Any CPU
	EndGlobalSection
	GlobalSection(SolutionProperties) = preSolution
		HideSolutionNode = FALSE
	EndGlobalSection
	GlobalSection(ExtensibilityGlobals) = postSolution
		SolutionGuid = {CC29390D-20C6-4D86-92B0-B435E0CA44F9}
	EndGlobalSection
EndGlobal
