
Microsoft Visual Studio Solution File, Format Version 12.00
# Visual Studio Version 17
VisualStudioVersion = 17.1.32319.34
MinimumVisualStudioVersion = 10.0.40219.1
Project("{FAE04EC0-301F-11D3-BF4B-00C04F79EFBC}") = "StreamWriter", "StreamWriter\StreamWriter.csproj", "{6984F886-D02F-4C5A-85EB-6B39982CE13E}"
EndProject
Global
	GlobalSection(SolutionConfigurationPlatforms) = preSolution
		Debug|Any CPU = Debug|Any CPU
		Release|Any CPU = Release|Any CPU
	EndGlobalSection
	GlobalSection(ProjectConfigurationPlatforms) = postSolution
		{6984F886-D02F-4C5A-85EB-6B39982CE13E}.Debug|Any CPU.ActiveCfg = Debug|Any CPU
		{6984F886-D02F-4C5A-85EB-6B39982CE13E}.Debug|Any CPU.Build.0 = Debug|Any CPU
		{6984F886-D02F-4C5A-85EB-6B39982CE13E}.Release|Any CPU.ActiveCfg = Release|Any CPU
		{6984F886-D02F-4C5A-85EB-6B39982CE13E}.Release|Any CPU.Build.0 = Release|Any CPU
	EndGlobalSection
	GlobalSection(SolutionProperties) = preSolution
		HideSolutionNode = FALSE
	EndGlobalSection
	GlobalSection(ExtensibilityGlobals) = postSolution
		SolutionGuid = {E8B18024-8534-4018-9E1A-6D7E9261D8F2}
	EndGlobalSection
EndGlobal
